
Microsoft Visual Studio Solution File, Format Version 12.00
# Visual Studio 15
VisualStudioVersion = 15.0.26730.12
MinimumVisualStudioVersion = 10.0.40219.1
Project("{FAE04EC0-301F-11D3-BF4B-00C04F79EFBC}") = "ColorPalette", "ColorPalette\ColorPalette.csproj", "{F3CB7A72-A021-49C0-85D2-16B74F5308FC}"
EndProject
Global
	GlobalSection(SolutionConfigurationPlatforms) = preSolution
		Debug|Any CPU = Debug|Any CPU
		Release|Any CPU = Release|Any CPU
	EndGlobalSection
	GlobalSection(ProjectConfigurationPlatforms) = postSolution
		{F3CB7A72-A021-49C0-85D2-16B74F5308FC}.Debug|Any CPU.ActiveCfg = Debug|Any CPU
		{F3CB7A72-A021-49C0-85D2-16B74F5308FC}.Debug|Any CPU.Build.0 = Debug|Any CPU
		{F3CB7A72-A021-49C0-85D2-16B74F5308FC}.Release|Any CPU.ActiveCfg = Release|Any CPU
		{F3CB7A72-A021-49C0-85D2-16B74F5308FC}.Release|Any CPU.Build.0 = Release|Any CPU
	EndGlobalSection
	GlobalSection(SolutionProperties) = preSolution
		HideSolutionNode = FALSE
	EndGlobalSection
	GlobalSection(ExtensibilityGlobals) = postSolution
		SolutionGuid = {C070A8CE-67C6-48C7-9DC2-0D3E003C2ED8}
	EndGlobalSection
EndGlobal
